
Microsoft Visual Studio Solution File, Format Version 12.00
# Visual Studio Version 17
VisualStudioVersion = 17.7.34031.279
MinimumVisualStudioVersion = 10.0.40219.1
Project("{FAE04EC0-301F-11D3-BF4B-00C04F79EFBC}") = "Tugas3.2", "Tugas3.2.csproj", "{C5627DD2-FC57-41BB-A474-51A64C582EA4}"
EndProject
Global
	GlobalSection(SolutionConfigurationPlatforms) = preSolution
		Debug|Any CPU = Debug|Any CPU
		Release|Any CPU = Release|Any CPU
	EndGlobalSection
	GlobalSection(ProjectConfigurationPlatforms) = postSolution
		{C5627DD2-FC57-41BB-A474-51A64C582EA4}.Debug|Any CPU.ActiveCfg = Debug|Any CPU
		{C5627DD2-FC57-41BB-A474-51A64C582EA4}.Debug|Any CPU.Build.0 = Debug|Any CPU
		{C5627DD2-FC57-41BB-A474-51A64C582EA4}.Release|Any CPU.ActiveCfg = Release|Any CPU
		{C5627DD2-FC57-41BB-A474-51A64C582EA4}.Release|Any CPU.Build.0 = Release|Any CPU
	EndGlobalSection
	GlobalSection(SolutionProperties) = preSolution
		HideSolutionNode = FALSE
	EndGlobalSection
	GlobalSection(ExtensibilityGlobals) = postSolution
		SolutionGuid = {3762813B-16EA-4303-9EDD-9A1053854A93}
	EndGlobalSection
EndGlobal
